{
  "requires": true,
  "lockfileVersion": 1,
  "dependencies": {
    "react-kakao-login": {
      "version": "1.2.2",
      "resolved": "https://registry.npmjs.org/react-kakao-login/-/react-kakao-login-1.2.2.tgz",
      "integrity": "sha512-FCihO3m+Z/N8W0pdwsitvn9fbGa1m7xtbdHvyupJhHBuS9mzS+wzbZUGhNipI2qYmh277umX3HT5/pFxey4GOg=="
    }
  }
}
